
Microsoft Visual Studio Solution File, Format Version 12.00
# Visual Studio Version 17
VisualStudioVersion = 17.0.31919.166
MinimumVisualStudioVersion = 10.0.40219.1
Project("{2150E333-8FDC-42A3-9474-1A3956D46DE8}") = "S1AdoNet", "S1AdoNet", "{11FD4336-C4D1-44B7-89AA-CE039481AAC6}"
EndProject
Project("{2150E333-8FDC-42A3-9474-1A3956D46DE8}") = "TSQL", "TSQL", "{BAF0782D-3BC5-4E11-811F-58E2665116DA}"
	ProjectSection(SolutionItems) = preProject
		EFSchool\TSQL\1.txt = EFSchool\TSQL\1.txt
		EFSchool\TSQL\2.txt = EFSchool\TSQL\2.txt
		EFSchool\TSQL\3.txt = EFSchool\TSQL\3.txt
	EndProjectSection
EndProject
Project("{FAE04EC0-301F-11D3-BF4B-00C04F79EFBC}") = "AdoNet", "..\AdoNet\AdoNet.csproj", "{95E1BE56-EB56-4070-A23C-34B40AB08E40}"
EndProject
Project("{2150E333-8FDC-42A3-9474-1A3956D46DE8}") = "S2DataBaseFirstEF", "S2DataBaseFirstEF", "{ED3620BE-FD71-4556-93D7-B7F33EA8AD03}"
EndProject
Project("{FAE04EC0-301F-11D3-BF4B-00C04F79EFBC}") = "DatabaseFirst", "EFSchool\ConsoleApp1\DatabaseFirst.csproj", "{A7CA1DE2-A5F8-4A71-B0A6-FE53947D9202}"
EndProject
Project("{2150E333-8FDC-42A3-9474-1A3956D46DE8}") = "S3DatabaseFirstEFRepeat", "S3DatabaseFirstEFRepeat", "{019D74B4-6A77-4913-BAC9-17A42A83C1B2}"
EndProject
Project("{FAE04EC0-301F-11D3-BF4B-00C04F79EFBC}") = "DatabaseFirstRepeat", "EFSchool\ConsoleApp2\DatabaseFirstRepeat.csproj", "{73395134-1F56-4AFF-8F3B-117A7B1A6E7B}"
EndProject
Project("{2150E333-8FDC-42A3-9474-1A3956D46DE8}") = "S4CodeFirstEF", "S4CodeFirstEF", "{A235CA92-7CBB-4463-853F-D313394A9A2C}"
EndProject
Project("{FAE04EC0-301F-11D3-BF4B-00C04F79EFBC}") = "CodeFirst", "CodeFirst\CodeFirst.csproj", "{D103F622-47E3-4FEC-B77E-18C20387C66E}"
EndProject
Project("{2150E333-8FDC-42A3-9474-1A3956D46DE8}") = "S5CodeFirstEFRepeat", "S5CodeFirstEFRepeat", "{53E08029-D165-43E5-8BAE-A69D41236746}"
EndProject
Project("{FAE04EC0-301F-11D3-BF4B-00C04F79EFBC}") = "DatabaseFirstRepeat", "DatabaseFirstRepeat\DatabaseFirstRepeat.csproj", "{FA772F6F-32D6-460C-A099-51C815BA31F7}"
EndProject
Global
	GlobalSection(SolutionConfigurationPlatforms) = preSolution
		Debug|Any CPU = Debug|Any CPU
		Release|Any CPU = Release|Any CPU
	EndGlobalSection
	GlobalSection(ProjectConfigurationPlatforms) = postSolution
		{95E1BE56-EB56-4070-A23C-34B40AB08E40}.Debug|Any CPU.ActiveCfg = Debug|Any CPU
		{95E1BE56-EB56-4070-A23C-34B40AB08E40}.Debug|Any CPU.Build.0 = Debug|Any CPU
		{95E1BE56-EB56-4070-A23C-34B40AB08E40}.Release|Any CPU.ActiveCfg = Release|Any CPU
		{95E1BE56-EB56-4070-A23C-34B40AB08E40}.Release|Any CPU.Build.0 = Release|Any CPU
		{A7CA1DE2-A5F8-4A71-B0A6-FE53947D9202}.Debug|Any CPU.ActiveCfg = Debug|Any CPU
		{A7CA1DE2-A5F8-4A71-B0A6-FE53947D9202}.Debug|Any CPU.Build.0 = Debug|Any CPU
		{A7CA1DE2-A5F8-4A71-B0A6-FE53947D9202}.Release|Any CPU.ActiveCfg = Release|Any CPU
		{A7CA1DE2-A5F8-4A71-B0A6-FE53947D9202}.Release|Any CPU.Build.0 = Release|Any CPU
		{73395134-1F56-4AFF-8F3B-117A7B1A6E7B}.Debug|Any CPU.ActiveCfg = Debug|Any CPU
		{73395134-1F56-4AFF-8F3B-117A7B1A6E7B}.Debug|Any CPU.Build.0 = Debug|Any CPU
		{73395134-1F56-4AFF-8F3B-117A7B1A6E7B}.Release|Any CPU.ActiveCfg = Release|Any CPU
		{73395134-1F56-4AFF-8F3B-117A7B1A6E7B}.Release|Any CPU.Build.0 = Release|Any CPU
		{D103F622-47E3-4FEC-B77E-18C20387C66E}.Debug|Any CPU.ActiveCfg = Debug|Any CPU
		{D103F622-47E3-4FEC-B77E-18C20387C66E}.Debug|Any CPU.Build.0 = Debug|Any CPU
		{D103F622-47E3-4FEC-B77E-18C20387C66E}.Release|Any CPU.ActiveCfg = Release|Any CPU
		{D103F622-47E3-4FEC-B77E-18C20387C66E}.Release|Any CPU.Build.0 = Release|Any CPU
		{FA772F6F-32D6-460C-A099-51C815BA31F7}.Debug|Any CPU.ActiveCfg = Debug|Any CPU
		{FA772F6F-32D6-460C-A099-51C815BA31F7}.Debug|Any CPU.Build.0 = Debug|Any CPU
		{FA772F6F-32D6-460C-A099-51C815BA31F7}.Release|Any CPU.ActiveCfg = Release|Any CPU
		{FA772F6F-32D6-460C-A099-51C815BA31F7}.Release|Any CPU.Build.0 = Release|Any CPU
	EndGlobalSection
	GlobalSection(SolutionProperties) = preSolution
		HideSolutionNode = FALSE
	EndGlobalSection
	GlobalSection(NestedProjects) = preSolution
		{95E1BE56-EB56-4070-A23C-34B40AB08E40} = {11FD4336-C4D1-44B7-89AA-CE039481AAC6}
		{A7CA1DE2-A5F8-4A71-B0A6-FE53947D9202} = {ED3620BE-FD71-4556-93D7-B7F33EA8AD03}
		{73395134-1F56-4AFF-8F3B-117A7B1A6E7B} = {019D74B4-6A77-4913-BAC9-17A42A83C1B2}
		{D103F622-47E3-4FEC-B77E-18C20387C66E} = {A235CA92-7CBB-4463-853F-D313394A9A2C}
		{FA772F6F-32D6-460C-A099-51C815BA31F7} = {53E08029-D165-43E5-8BAE-A69D41236746}
	EndGlobalSection
	GlobalSection(ExtensibilityGlobals) = postSolution
		SolutionGuid = {3227D7AC-85D8-4DB6-AB0E-D7049D10BC14}
	EndGlobalSection
EndGlobal
